
Microsoft Visual Studio Solution File, Format Version 12.00
# Visual Studio Version 16
VisualStudioVersion = 16.0.30309.148
MinimumVisualStudioVersion = 10.0.40219.1
Project("{FAE04EC0-301F-11D3-BF4B-00C04F79EFBC}") = "TP01", "TP01\TP01.csproj", "{4970C6C4-4A56-48BB-A1AA-03671AFCB0FD}"
EndProject
Project("{FAE04EC0-301F-11D3-BF4B-00C04F79EFBC}") = "TPModule3", "TPModule3\TPModule3.csproj", "{89B0FCB8-038F-4CDD-B00B-76E426048363}"
EndProject
Project("{FAE04EC0-301F-11D3-BF4B-00C04F79EFBC}") = "TPChats", "TPChats\TPChats.csproj", "{3C5FB9AC-0F02-47D3-BCC5-E6BEABEACD96}"
EndProject
Project("{FAE04EC0-301F-11D3-BF4B-00C04F79EFBC}") = "TpPizzas01", "TpPizzas01\TpPizzas01.csproj", "{C0FBDD20-FFDE-42D1-9728-69578C745679}"
EndProject
Global
	GlobalSection(SolutionConfigurationPlatforms) = preSolution
		Debug|Any CPU = Debug|Any CPU
		Release|Any CPU = Release|Any CPU
	EndGlobalSection
	GlobalSection(ProjectConfigurationPlatforms) = postSolution
		{4970C6C4-4A56-48BB-A1AA-03671AFCB0FD}.Debug|Any CPU.ActiveCfg = Debug|Any CPU
		{4970C6C4-4A56-48BB-A1AA-03671AFCB0FD}.Debug|Any CPU.Build.0 = Debug|Any CPU
		{4970C6C4-4A56-48BB-A1AA-03671AFCB0FD}.Release|Any CPU.ActiveCfg = Release|Any CPU
		{4970C6C4-4A56-48BB-A1AA-03671AFCB0FD}.Release|Any CPU.Build.0 = Release|Any CPU
		{89B0FCB8-038F-4CDD-B00B-76E426048363}.Debug|Any CPU.ActiveCfg = Debug|Any CPU
		{89B0FCB8-038F-4CDD-B00B-76E426048363}.Debug|Any CPU.Build.0 = Debug|Any CPU
		{89B0FCB8-038F-4CDD-B00B-76E426048363}.Release|Any CPU.ActiveCfg = Release|Any CPU
		{89B0FCB8-038F-4CDD-B00B-76E426048363}.Release|Any CPU.Build.0 = Release|Any CPU
		{3C5FB9AC-0F02-47D3-BCC5-E6BEABEACD96}.Debug|Any CPU.ActiveCfg = Debug|Any CPU
		{3C5FB9AC-0F02-47D3-BCC5-E6BEABEACD96}.Debug|Any CPU.Build.0 = Debug|Any CPU
		{3C5FB9AC-0F02-47D3-BCC5-E6BEABEACD96}.Release|Any CPU.ActiveCfg = Release|Any CPU
		{3C5FB9AC-0F02-47D3-BCC5-E6BEABEACD96}.Release|Any CPU.Build.0 = Release|Any CPU
		{C0FBDD20-FFDE-42D1-9728-69578C745679}.Debug|Any CPU.ActiveCfg = Debug|Any CPU
		{C0FBDD20-FFDE-42D1-9728-69578C745679}.Debug|Any CPU.Build.0 = Debug|Any CPU
		{C0FBDD20-FFDE-42D1-9728-69578C745679}.Release|Any CPU.ActiveCfg = Release|Any CPU
		{C0FBDD20-FFDE-42D1-9728-69578C745679}.Release|Any CPU.Build.0 = Release|Any CPU
	EndGlobalSection
	GlobalSection(SolutionProperties) = preSolution
		HideSolutionNode = FALSE
	EndGlobalSection
	GlobalSection(ExtensibilityGlobals) = postSolution
		SolutionGuid = {F1261161-FC68-41FB-A164-18D253B7615F}
	EndGlobalSection
EndGlobal
